// !$*UTF8*$!
{
	archiveVersion = 1;
	classes = {
	};
	objectVersion = 77;
	objects = {

/* Begin PBXContainerItemProxy section */
		182DAFFF2C9BFFAE00B2B7A8 /* PBXContainerItemProxy */ = {
			isa = PBXContainerItemProxy;
			containerPortal = 182DAFE62C9BFFAB00B2B7A8 /* Project object */;
			proxyType = 1;
			remoteGlobalIDString = 182DAFED2C9BFFAB00B2B7A8;
			remoteInfo = MyMusic;
		};
		182DB0092C9BFFAE00B2B7A8 /* PBXContainerItemProxy */ = {
			isa = PBXContainerItemProxy;
			containerPortal = 182DAFE62C9BFFAB00B2B7A8 /* Project object */;
			proxyType = 1;
			remoteGlobalIDString = 182DAFED2C9BFFAB00B2B7A8;
			remoteInfo = MyMusic;
		};
/* End PBXContainerItemProxy section */

/* Begin PBXFileReference section */
		182DAFEE2C9BFFAB00B2B7A8 /* MyMusic.app */ = {isa = PBXFileReference; explicitFileType = wrapper.application; includeInIndex = 0; path = MyMusic.app; sourceTree = BUILT_PRODUCTS_DIR; };
		182DAFFE2C9BFFAE00B2B7A8 /* MyMusicTests.xctest */ = {isa = PBXFileReference; explicitFileType = wrapper.cfbundle; includeInIndex = 0; path = MyMusicTests.xctest; sourceTree = BUILT_PRODUCTS_DIR; };
		182DB0082C9BFFAE00B2B7A8 /* MyMusicUITests.xctest */ = {isa = PBXFileReference; explicitFileType = wrapper.cfbundle; includeInIndex = 0; path = MyMusicUITests.xctest; sourceTree = BUILT_PRODUCTS_DIR; };
/* End PBXFileReference section */

/* Begin PBXFileSystemSynchronizedRootGroup section */
		182DAFF02C9BFFAB00B2B7A8 /* MyMusic */ = {
			isa = PBXFileSystemSynchronizedRootGroup;
			path = MyMusic;
			sourceTree = "<group>";
		};
		182DB0012C9BFFAE00B2B7A8 /* MyMusicTests */ = {
			isa = PBXFileSystemSynchronizedRootGroup;
			path = MyMusicTests;
			sourceTree = "<group>";
		};
		182DB00B2C9BFFAE00B2B7A8 /* MyMusicUITests */ = {
			isa = PBXFileSystemSynchronizedRootGroup;
			path = MyMusicUITests;
			sourceTree = "<group>";
		};
/* End PBXFileSystemSynchronizedRootGroup section */

/* Begin PBXFrameworksBuildPhase section */
		182DAFEB2C9BFFAB00B2B7A8 /* Frameworks */ = {
			isa = PBXFrameworksBuildPhase;
			buildActionMask = 2147483647;
			files = (
			);
			runOnlyForDeploymentPostprocessing = 0;
		};
		182DAFFB2C9BFFAE00B2B7A8 /* Frameworks */ = {
			isa = PBXFrameworksBuildPhase;
			buildActionMask = 2147483647;
			files = (
			);
			runOnlyForDeploymentPostprocessing = 0;
		};
		182DB0052C9BFFAE00B2B7A8 /* Frameworks */ = {
			isa = PBXFrameworksBuildPhase;
			buildActionMask = 2147483647;
			files = (
			);
			runOnlyForDeploymentPostprocessing = 0;
		};
/* End PBXFrameworksBuildPhase section */

/* Begin PBXGroup section */
		182DAFE52C9BFFAB00B2B7A8 = {
			isa = PBXGroup;
			children = (
				182DAFF02C9BFFAB00B2B7A8 /* MyMusic */,
				182DB0012C9BFFAE00B2B7A8 /* MyMusicTests */,
				182DB00B2C9BFFAE00B2B7A8 /* MyMusicUITests */,
				182DAFEF2C9BFFAB00B2B7A8 /* Products */,
			);
			sourceTree = "<group>";
		};
		182DAFEF2C9BFFAB00B2B7A8 /* Products */ = {
			isa = PBXGroup;
			children = (
				182DAFEE2C9BFFAB00B2B7A8 /* MyMusic.app */,
				182DAFFE2C9BFFAE00B2B7A8 /* MyMusicTests.xctest */,
				182DB0082C9BFFAE00B2B7A8 /* MyMusicUITests.xctest */,
			);
			name = Products;
			sourceTree = "<group>";
		};
/* End PBXGroup section */

/* Begin PBXNativeTarget section */
		182DAFED2C9BFFAB00B2B7A8 /* MyMusic */ = {
			isa = PBXNativeTarget;
			buildConfigurationList = 182DB0122C9BFFAE00B2B7A8 /* Build configuration list for PBXNativeTarget "MyMusic" */;
			buildPhases = (
				182DAFEA2C9BFFAB00B2B7A8 /* Sources */,
				182DAFEB2C9BFFAB00B2B7A8 /* Frameworks */,
				182DAFEC2C9BFFAB00B2B7A8 /* Resources */,
			);
			buildRules = (
			);
			dependencies = (
			);
			fileSystemSynchronizedGroups = (
				182DAFF02C9BFFAB00B2B7A8 /* MyMusic */,
			);
			name = MyMusic;
			packageProductDependencies = (
			);
			productName = MyMusic;
			productReference = 182DAFEE2C9BFFAB00B2B7A8 /* MyMusic.app */;
			productType = "com.apple.product-type.application";
		};
		182DAFFD2C9BFFAE00B2B7A8 /* MyMusicTests */ = {
			isa = PBXNativeTarget;
			buildConfigurationList = 182DB0152C9BFFAE00B2B7A8 /* Build configuration list for PBXNativeTarget "MyMusicTests" */;
			buildPhases = (
				182DAFFA2C9BFFAE00B2B7A8 /* Sources */,
				182DAFFB2C9BFFAE00B2B7A8 /* Frameworks */,
				182DAFFC2C9BFFAE00B2B7A8 /* Resources */,
			);
			buildRules = (
			);
			dependencies = (
				182DB0002C9BFFAE00B2B7A8 /* PBXTargetDependency */,
			);
			fileSystemSynchronizedGroups = (
				182DB0012C9BFFAE00B2B7A8 /* MyMusicTests */,
			);
			name = MyMusicTests;
			packageProductDependencies = (
			);
			productName = MyMusicTests;
			productReference = 182DAFFE2C9BFFAE00B2B7A8 /* MyMusicTests.xctest */;
			productType = "com.apple.product-type.bundle.unit-test";
		};
		182DB0072C9BFFAE00B2B7A8 /* MyMusicUITests */ = {
			isa = PBXNativeTarget;
			buildConfigurationList = 182DB0182C9BFFAE00B2B7A8 /* Build configuration list for PBXNativeTarget "MyMusicUITests" */;
			buildPhases = (
				182DB0042C9BFFAE00B2B7A8 /* Sources */,
				182DB0052C9BFFAE00B2B7A8 /* Frameworks */,
				182DB0062C9BFFAE00B2B7A8 /* Resources */,
			);
			buildRules = (
			);
			dependencies = (
				182DB00A2C9BFFAE00B2B7A8 /* PBXTargetDependency */,
			);
			fileSystemSynchronizedGroups = (
				182DB00B2C9BFFAE00B2B7A8 /* MyMusicUITests */,
			);
			name = MyMusicUITests;
			packageProductDependencies = (
			);
			productName = MyMusicUITests;
			productReference = 182DB0082C9BFFAE00B2B7A8 /* MyMusicUITests.xctest */;
			productType = "com.apple.product-type.bundle.ui-testing";
		};
/* End PBXNativeTarget section */

/* Begin PBXProject section */
		182DAFE62C9BFFAB00B2B7A8 /* Project object */ = {
			isa = PBXProject;
			attributes = {
				BuildIndependentTargetsInParallel = 1;
				LastSwiftUpdateCheck = 1600;
				LastUpgradeCheck = 1600;
				TargetAttributes = {
					182DAFED2C9BFFAB00B2B7A8 = {
						CreatedOnToolsVersion = 16.0;
					};
					182DAFFD2C9BFFAE00B2B7A8 = {
						CreatedOnToolsVersion = 16.0;
						TestTargetID = 182DAFED2C9BFFAB00B2B7A8;
					};
					182DB0072C9BFFAE00B2B7A8 = {
						CreatedOnToolsVersion = 16.0;
						TestTargetID = 182DAFED2C9BFFAB00B2B7A8;
					};
				};
			};
			buildConfigurationList = 182DAFE92C9BFFAB00B2B7A8 /* Build configuration list for PBXProject "MyMusic" */;
			developmentRegion = en;
			hasScannedForEncodings = 0;
			knownRegions = (
				en,
				Base,
			);
			mainGroup = 182DAFE52C9BFFAB00B2B7A8;
			minimizedProjectReferenceProxies = 1;
			preferredProjectObjectVersion = 77;
			productRefGroup = 182DAFEF2C9BFFAB00B2B7A8 /* Products */;
			projectDirPath = "";
			projectRoot = "";
			targets = (
				182DAFED2C9BFFAB00B2B7A8 /* MyMusic */,
				182DAFFD2C9BFFAE00B2B7A8 /* MyMusicTests */,
				182DB0072C9BFFAE00B2B7A8 /* MyMusicUITests */,
			);
		};
/* End PBXProject section */

/* Begin PBXResourcesBuildPhase section */
		182DAFEC2C9BFFAB00B2B7A8 /* Resources */ = {
			isa = PBXResourcesBuildPhase;
			buildActionMask = 2147483647;
			files = (
			);
			runOnlyForDeploymentPostprocessing = 0;
		};
		182DAFFC2C9BFFAE00B2B7A8 /* Resources */ = {
			isa = PBXResourcesBuildPhase;
			buildActionMask = 2147483647;
			files = (
			);
			runOnlyForDeploymentPostprocessing = 0;
		};
		182DB0062C9BFFAE00B2B7A8 /* Resources */ = {
			isa = PBXResourcesBuildPhase;
			buildActionMask = 2147483647;
			files = (
			);
			runOnlyForDeploymentPostprocessing = 0;
		};
/* End PBXResourcesBuildPhase section */

/* Begin PBXSourcesBuildPhase section */
		182DAFEA2C9BFFAB00B2B7A8 /* Sources */ = {
			isa = PBXSourcesBuildPhase;
			buildActionMask = 2147483647;
			files = (
			);
			runOnlyForDeploymentPostprocessing = 0;
		};
		182DAFFA2C9BFFAE00B2B7A8 /* Sources */ = {
			isa = PBXSourcesBuildPhase;
			buildActionMask = 2147483647;
			files = (
			);
			runOnlyForDeploymentPostprocessing = 0;
		};
		182DB0042C9BFFAE00B2B7A8 /* Sources */ = {
			isa = PBXSourcesBuildPhase;
			buildActionMask = 2147483647;
			files = (
			);
			runOnlyForDeploymentPostprocessing = 0;
		};
/* End PBXSourcesBuildPhase section */

/* Begin PBXTargetDependency section */
		182DB0002C9BFFAE00B2B7A8 /* PBXTargetDependency */ = {
			isa = PBXTargetDependency;
			target = 182DAFED2C9BFFAB00B2B7A8 /* MyMusic */;
			targetProxy = 182DAFFF2C9BFFAE00B2B7A8 /* PBXContainerItemProxy */;
		};
		182DB00A2C9BFFAE00B2B7A8 /* PBXTargetDependency */ = {
			isa = PBXTargetDependency;
			target = 182DAFED2C9BFFAB00B2B7A8 /* MyMusic */;
			targetProxy = 182DB0092C9BFFAE00B2B7A8 /* PBXContainerItemProxy */;
		};
/* End PBXTargetDependency section */

/* Begin XCBuildConfiguration section */
		182DB0102C9BFFAE00B2B7A8 /* Debug */ = {
			isa = XCBuildConfiguration;
			buildSettings = {
				ALWAYS_SEARCH_USER_PATHS = NO;
				ASSETCATALOG_COMPILER_GENERATE_SWIFT_ASSET_SYMBOL_EXTENSIONS = YES;
				CLANG_ANALYZER_NONNULL = YES;
				CLANG_ANALYZER_NUMBER_OBJECT_CONVERSION = YES_AGGRESSIVE;
				CLANG_CXX_LANGUAGE_STANDARD = "gnu++20";
				CLANG_ENABLE_MODULES = YES;
				CLANG_ENABLE_OBJC_ARC = YES;
				CLANG_ENABLE_OBJC_WEAK = YES;
				CLANG_WARN_BLOCK_CAPTURE_AUTORELEASING = YES;
				CLANG_WARN_BOOL_CONVERSION = YES;
				CLANG_WARN_COMMA = YES;
				CLANG_WARN_CONSTANT_CONVERSION = YES;
				CLANG_WARN_DEPRECATED_OBJC_IMPLEMENTATIONS = YES;
				CLANG_WARN_DIRECT_OBJC_ISA_USAGE = YES_ERROR;
				CLANG_WARN_DOCUMENTATION_COMMENTS = YES;
				CLANG_WARN_EMPTY_BODY = YES;
				CLANG_WARN_ENUM_CONVERSION = YES;
				CLANG_WARN_INFINITE_RECURSION = YES;
				CLANG_WARN_INT_CONVERSION = YES;
				CLANG_WARN_NON_LITERAL_NULL_CONVERSION = YES;
				CLANG_WARN_OBJC_IMPLICIT_RETAIN_SELF = YES;
				CLANG_WARN_OBJC_LITERAL_CONVERSION = YES;
				CLANG_WARN_OBJC_ROOT_CLASS = YES_ERROR;
				CLANG_WARN_QUOTED_INCLUDE_IN_FRAMEWORK_HEADER = YES;
				CLANG_WARN_RANGE_LOOP_ANALYSIS = YES;
				CLANG_WARN_STRICT_PROTOTYPES = YES;
				CLANG_WARN_SUSPICIOUS_MOVE = YES;
				CLANG_WARN_UNGUARDED_AVAILABILITY = YES_AGGRESSIVE;
				CLANG_WARN_UNREACHABLE_CODE = YES;
				CLANG_WARN__DUPLICATE_METHOD_MATCH = YES;
				COPY_PHASE_STRIP = NO;
				DEBUG_INFORMATION_FORMAT = dwarf;
				ENABLE_STRICT_OBJC_MSGSEND = YES;
				ENABLE_TESTABILITY = YES;
				ENABLE_USER_SCRIPT_SANDBOXING = YES;
				GCC_C_LANGUAGE_STANDARD = gnu17;
				GCC_DYNAMIC_NO_PIC = NO;
				GCC_NO_COMMON_BLOCKS = YES;
				GCC_OPTIMIZATION_LEVEL = 0;
				GCC_PREPROCESSOR_DEFINITIONS = (
					"DEBUG=1",
					"$(inherited)",
				);
				GCC_WARN_64_TO_32_BIT_CONVERSION = YES;
				GCC_WARN_ABOUT_RETURN_TYPE = YES_ERROR;
				GCC_WARN_UNDECLARED_SELECTOR = YES;
				GCC_WARN_UNINITIALIZED_AUTOS = YES_AGGRESSIVE;
				GCC_WARN_UNUSED_FUNCTION = YES;
				GCC_WARN_UNUSED_VARIABLE = YES;
				IPHONEOS_DEPLOYMENT_TARGET = 18.0;
				LOCALIZATION_PREFERS_STRING_CATALOGS = YES;
				MTL_ENABLE_DEBUG_INFO = INCLUDE_SOURCE;
				MTL_FAST_MATH = YES;
				ONLY_ACTIVE_ARCH = YES;
				SDKROOT = iphoneos;
				SWIFT_ACTIVE_COMPILATION_CONDITIONS = "DEBUG $(inherited)";
				SWIFT_OPTIMIZATION_LEVEL = "-Onone";
			};
			name = Debug;
		};
		182DB0112C9BFFAE00B2B7A8 /* Release */ = {
			isa = XCBuildConfiguration;
			buildSettings = {
				ALWAYS_SEARCH_USER_PATHS = NO;
				ASSETCATALOG_COMPILER_GENERATE_SWIFT_ASSET_SYMBOL_EXTENSIONS = YES;
				CLANG_ANALYZER_NONNULL = YES;
				CLANG_ANALYZER_NUMBER_OBJECT_CONVERSION = YES_AGGRESSIVE;
				CLANG_CXX_LANGUAGE_STANDARD = "gnu++20";
				CLANG_ENABLE_MODULES = YES;
				CLANG_ENABLE_OBJC_ARC = YES;
				CLANG_ENABLE_OBJC_WEAK = YES;
				CLANG_WARN_BLOCK_CAPTURE_AUTORELEASING = YES;
				CLANG_WARN_BOOL_CONVERSION = YES;
				CLANG_WARN_COMMA = YES;
				CLANG_WARN_CONSTANT_CONVERSION = YES;
				CLANG_WARN_DEPRECATED_OBJC_IMPLEMENTATIONS = YES;
				CLANG_WARN_DIRECT_OBJC_ISA_USAGE = YES_ERROR;
				CLANG_WARN_DOCUMENTATION_COMMENTS = YES;
				CLANG_WARN_EMPTY_BODY = YES;
				CLANG_WARN_ENUM_CONVERSION = YES;
				CLANG_WARN_INFINITE_RECURSION = YES;
				CLANG_WARN_INT_CONVERSION = YES;
				CLANG_WARN_NON_LITERAL_NULL_CONVERSION = YES;
				CLANG_WARN_OBJC_IMPLICIT_RETAIN_SELF = YES;
				CLANG_WARN_OBJC_LITERAL_CONVERSION = YES;
				CLANG_WARN_OBJC_ROOT_CLASS = YES_ERROR;
				CLANG_WARN_QUOTED_INCLUDE_IN_FRAMEWORK_HEADER = YES;
				CLANG_WARN_RANGE_LOOP_ANALYSIS = YES;
				CLANG_WARN_STRICT_PROTOTYPES = YES;
				CLANG_WARN_SUSPICIOUS_MOVE = YES;
				CLANG_WARN_UNGUARDED_AVAILABILITY = YES_AGGRESSIVE;
				CLANG_WARN_UNREACHABLE_CODE = YES;
				CLANG_WARN__DUPLICATE_METHOD_MATCH = YES;
				COPY_PHASE_STRIP = NO;
				DEBUG_INFORMATION_FORMAT = "dwarf-with-dsym";
				ENABLE_NS_ASSERTIONS = NO;
				ENABLE_STRICT_OBJC_MSGSEND = YES;
				ENABLE_USER_SCRIPT_SANDBOXING = YES;
				GCC_C_LANGUAGE_STANDARD = gnu17;
				GCC_NO_COMMON_BLOCKS = YES;
				GCC_WARN_64_TO_32_BIT_CONVERSION = YES;
				GCC_WARN_ABOUT_RETURN_TYPE = YES_ERROR;
				GCC_WARN_UNDECLARED_SELECTOR = YES;
				GCC_WARN_UNINITIALIZED_AUTOS = YES_AGGRESSIVE;
				GCC_WARN_UNUSED_FUNCTION = YES;
				GCC_WARN_UNUSED_VARIABLE = YES;
				IPHONEOS_DEPLOYMENT_TARGET = 18.0;
				LOCALIZATION_PREFERS_STRING_CATALOGS = YES;
				MTL_ENABLE_DEBUG_INFO = NO;
				MTL_FAST_MATH = YES;
				SDKROOT = iphoneos;
				SWIFT_COMPILATION_MODE = wholemodule;
				VALIDATE_PRODUCT = YES;
			};
			name = Release;
		};
		182DB0132C9BFFAE00B2B7A8 /* Debug */ = {
			isa = XCBuildConfiguration;
			buildSettings = {
				ASSETCATALOG_COMPILER_APPICON_NAME = AppIcon;
				ASSETCATALOG_COMPILER_GLOBAL_ACCENT_COLOR_NAME = AccentColor;
				CODE_SIGN_STYLE = Automatic;
				CURRENT_PROJECT_VERSION = 1;
				DEVELOPMENT_ASSET_PATHS = "\"MyMusic/Preview Content\"";
				DEVELOPMENT_TEAM = H2W8884HPS;
				ENABLE_PREVIEWS = YES;
				GENERATE_INFOPLIST_FILE = YES;
				INFOPLIST_KEY_UIApplicationSceneManifest_Generation = YES;
				INFOPLIST_KEY_UIApplicationSupportsIndirectInputEvents = YES;
				INFOPLIST_KEY_UILaunchScreen_Generation = YES;
				INFOPLIST_KEY_UISupportedInterfaceOrientations_iPad = "UIInterfaceOrientationPortrait UIInterfaceOrientationPortraitUpsideDown UIInterfaceOrientationLandscapeLeft UIInterfaceOrientationLandscapeRight";
				INFOPLIST_KEY_UISupportedInterfaceOrientations_iPhone = "UIInterfaceOrientationPortrait UIInterfaceOrientationLandscapeLeft UIInterfaceOrientationLandscapeRight";
				LD_RUNPATH_SEARCH_PATHS = (
					"$(inherited)",
					"@executable_path/Frameworks",
				);
				MARKETING_VERSION = 1.0;
				PRODUCT_BUNDLE_IDENTIFIER = jp.co.yahoo.sbxn4mxt.MyMusic;
				PRODUCT_NAME = "$(TARGET_NAME)";
				SWIFT_EMIT_LOC_STRINGS = YES;
				SWIFT_VERSION = 5.0;
				TARGETED_DEVICE_FAMILY = "1,2";
			};
			name = Debug;
		};
		182DB0142C9BFFAE00B2B7A8 /* Release */ = {
			isa = XCBuildConfiguration;
			buildSettings = {
				ASSETCATALOG_COMPILER_APPICON_NAME = AppIcon;
				ASSETCATALOG_COMPILER_GLOBAL_ACCENT_COLOR_NAME = AccentColor;
				CODE_SIGN_STYLE = Automatic;
				CURRENT_PROJECT_VERSION = 1;
				DEVELOPMENT_ASSET_PATHS = "\"MyMusic/Preview Content\"";
				DEVELOPMENT_TEAM = H2W8884HPS;
				ENABLE_PREVIEWS = YES;
				GENERATE_INFOPLIST_FILE = YES;
				INFOPLIST_KEY_UIApplicationSceneManifest_Generation = YES;
				INFOPLIST_KEY_UIApplicationSupportsIndirectInputEvents = YES;
				INFOPLIST_KEY_UILaunchScreen_Generation = YES;
				INFOPLIST_KEY_UISupportedInterfaceOrientations_iPad = "UIInterfaceOrientationPortrait UIInterfaceOrientationPortraitUpsideDown UIInterfaceOrientationLandscapeLeft UIInterfaceOrientationLandscapeRight";
				INFOPLIST_KEY_UISupportedInterfaceOrientations_iPhone = "UIInterfaceOrientationPortrait UIInterfaceOrientationLandscapeLeft UIInterfaceOrientationLandscapeRight";
				LD_RUNPATH_SEARCH_PATHS = (
					"$(inherited)",
					"@executable_path/Frameworks",
				);
				MARKETING_VERSION = 1.0;
				PRODUCT_BUNDLE_IDENTIFIER = jp.co.yahoo.sbxn4mxt.MyMusic;
				PRODUCT_NAME = "$(TARGET_NAME)";
				SWIFT_EMIT_LOC_STRINGS = YES;
				SWIFT_VERSION = 5.0;
				TARGETED_DEVICE_FAMILY = "1,2";
			};
			name = Release;
		};
		182DB0162C9BFFAE00B2B7A8 /* Debug */ = {
			isa = XCBuildConfiguration;
			buildSettings = {
				BUNDLE_LOADER = "$(TEST_HOST)";
				CODE_SIGN_STYLE = Automatic;
				CURRENT_PROJECT_VERSION = 1;
				DEVELOPMENT_TEAM = H2W8884HPS;
				GENERATE_INFOPLIST_FILE = YES;
				IPHONEOS_DEPLOYMENT_TARGET = 18.0;
				MARKETING_VERSION = 1.0;
				PRODUCT_BUNDLE_IDENTIFIER = jp.co.yahoo.sbxn4mxt.MyMusicTests;
				PRODUCT_NAME = "$(TARGET_NAME)";
				SWIFT_EMIT_LOC_STRINGS = NO;
				SWIFT_VERSION = 5.0;
				TARGETED_DEVICE_FAMILY = "1,2";
				TEST_HOST = "$(BUILT_PRODUCTS_DIR)/MyMusic.app/$(BUNDLE_EXECUTABLE_FOLDER_PATH)/MyMusic";
			};
			name = Debug;
		};
		182DB0172C9BFFAE00B2B7A8 /* Release */ = {
			isa = XCBuildConfiguration;
			buildSettings = {
				BUNDLE_LOADER = "$(TEST_HOST)";
				CODE_SIGN_STYLE = Automatic;
				CURRENT_PROJECT_VERSION = 1;
				DEVELOPMENT_TEAM = H2W8884HPS;
				GENERATE_INFOPLIST_FILE = YES;
				IPHONEOS_DEPLOYMENT_TARGET = 18.0;
				MARKETING_VERSION = 1.0;
				PRODUCT_BUNDLE_IDENTIFIER = jp.co.yahoo.sbxn4mxt.MyMusicTests;
				PRODUCT_NAME = "$(TARGET_NAME)";
				SWIFT_EMIT_LOC_STRINGS = NO;
				SWIFT_VERSION = 5.0;
				TARGETED_DEVICE_FAMILY = "1,2";
				TEST_HOST = "$(BUILT_PRODUCTS_DIR)/MyMusic.app/$(BUNDLE_EXECUTABLE_FOLDER_PATH)/MyMusic";
			};
			name = Release;
		};
		182DB0192C9BFFAE00B2B7A8 /* Debug */ = {
			isa = XCBuildConfiguration;
			buildSettings = {
				CODE_SIGN_STYLE = Automatic;
				CURRENT_PROJECT_VERSION = 1;
				DEVELOPMENT_TEAM = H2W8884HPS;
				GENERATE_INFOPLIST_FILE = YES;
				MARKETING_VERSION = 1.0;
				PRODUCT_BUNDLE_IDENTIFIER = jp.co.yahoo.sbxn4mxt.MyMusicUITests;
				PRODUCT_NAME = "$(TARGET_NAME)";
				SWIFT_EMIT_LOC_STRINGS = NO;
				SWIFT_VERSION = 5.0;
				TARGETED_DEVICE_FAMILY = "1,2";
				TEST_TARGET_NAME = MyMusic;
			};
			name = Debug;
		};
		182DB01A2C9BFFAE00B2B7A8 /* Release */ = {
			isa = XCBuildConfiguration;
			buildSettings = {
				CODE_SIGN_STYLE = Automatic;
				CURRENT_PROJECT_VERSION = 1;
				DEVELOPMENT_TEAM = H2W8884HPS;
				GENERATE_INFOPLIST_FILE = YES;
				MARKETING_VERSION = 1.0;
				PRODUCT_BUNDLE_IDENTIFIER = jp.co.yahoo.sbxn4mxt.MyMusicUITests;
				PRODUCT_NAME = "$(TARGET_NAME)";
				SWIFT_EMIT_LOC_STRINGS = NO;
				SWIFT_VERSION = 5.0;
				TARGETED_DEVICE_FAMILY = "1,2";
				TEST_TARGET_NAME = MyMusic;
			};
			name = Release;
		};
/* End XCBuildConfiguration section */

/* Begin XCConfigurationList section */
		182DAFE92C9BFFAB00B2B7A8 /* Build configuration list for PBXProject "MyMusic" */ = {
			isa = XCConfigurationList;
			buildConfigurations = (
				182DB0102C9BFFAE00B2B7A8 /* Debug */,
				182DB0112C9BFFAE00B2B7A8 /* Release */,
			);
			defaultConfigurationIsVisible = 0;
			defaultConfigurationName = Release;
		};
		182DB0122C9BFFAE00B2B7A8 /* Build configuration list for PBXNativeTarget "MyMusic" */ = {
			isa = XCConfigurationList;
			buildConfigurations = (
				182DB0132C9BFFAE00B2B7A8 /* Debug */,
				182DB0142C9BFFAE00B2B7A8 /* Release */,
			);
			defaultConfigurationIsVisible = 0;
			defaultConfigurationName = Release;
		};
		182DB0152C9BFFAE00B2B7A8 /* Build configuration list for PBXNativeTarget "MyMusicTests" */ = {
			isa = XCConfigurationList;
			buildConfigurations = (
				182DB0162C9BFFAE00B2B7A8 /* Debug */,
				182DB0172C9BFFAE00B2B7A8 /* Release */,
			);
			defaultConfigurationIsVisible = 0;
			defaultConfigurationName = Release;
		};
		182DB0182C9BFFAE00B2B7A8 /* Build configuration list for PBXNativeTarget "MyMusicUITests" */ = {
			isa = XCConfigurationList;
			buildConfigurations = (
				182DB0192C9BFFAE00B2B7A8 /* Debug */,
				182DB01A2C9BFFAE00B2B7A8 /* Release */,
			);
			defaultConfigurationIsVisible = 0;
			defaultConfigurationName = Release;
		};
/* End XCConfigurationList section */
	};
	rootObject = 182DAFE62C9BFFAB00B2B7A8 /* Project object */;
}
